
Microsoft Visual Studio Solution File, Format Version 12.00
# Visual Studio 15
VisualStudioVersion = 15.0.28307.438
MinimumVisualStudioVersion = 10.0.40219.1
Project("{FAE04EC0-301F-11D3-BF4B-00C04F79EFBC}") = "Alchemy-PaletteSampler", "Alchemy-PaletteSampler\Alchemy-PaletteSampler.csproj", "{D55FF2F2-7DD9-4588-BADA-C2B6E1751C2B}"
EndProject
Global
	GlobalSection(SolutionConfigurationPlatforms) = preSolution
		Debug|Any CPU = Debug|Any CPU
		Release|Any CPU = Release|Any CPU
	EndGlobalSection
	GlobalSection(ProjectConfigurationPlatforms) = postSolution
		{D55FF2F2-7DD9-4588-BADA-C2B6E1751C2B}.Debug|Any CPU.ActiveCfg = Debug|Any CPU
		{D55FF2F2-7DD9-4588-BADA-C2B6E1751C2B}.Debug|Any CPU.Build.0 = Debug|Any CPU
		{D55FF2F2-7DD9-4588-BADA-C2B6E1751C2B}.Release|Any CPU.ActiveCfg = Release|Any CPU
		{D55FF2F2-7DD9-4588-BADA-C2B6E1751C2B}.Release|Any CPU.Build.0 = Release|Any CPU
	EndGlobalSection
	GlobalSection(SolutionProperties) = preSolution
		HideSolutionNode = FALSE
	EndGlobalSection
	GlobalSection(ExtensibilityGlobals) = postSolution
		SolutionGuid = {14A051B6-8755-4E68-BA5A-6BB5A1B25083}
	EndGlobalSection
EndGlobal
